// !$*UTF8*$!
{
	archiveVersion = 1;
	classes = {
	};
	objectVersion = 55;
	objects = {

/* Begin PBXBuildFile section */
		6CB69168272B43F60004FEC4 /* Constant.swift in Sources */ = {isa = PBXBuildFile; fileRef = 6CB69167272B43F60004FEC4 /* Constant.swift */; };
		6CB6916A272B453E0004FEC4 /* FooterView.swift in Sources */ = {isa = PBXBuildFile; fileRef = 6CB69169272B453E0004FEC4 /* FooterView.swift */; };
		6CEC5C5C272761CD0039C41A /* touchdownApp.swift in Sources */ = {isa = PBXBuildFile; fileRef = 6CEC5C5B272761CD0039C41A /* touchdownApp.swift */; };
		6CEC5C5E272761CD0039C41A /* ContentView.swift in Sources */ = {isa = PBXBuildFile; fileRef = 6CEC5C5D272761CD0039C41A /* ContentView.swift */; };
		6CEC5C60272761CF0039C41A /* Assets.xcassets in Resources */ = {isa = PBXBuildFile; fileRef = 6CEC5C5F272761CF0039C41A /* Assets.xcassets */; };
		6CEC5C63272761CF0039C41A /* Preview Assets.xcassets in Resources */ = {isa = PBXBuildFile; fileRef = 6CEC5C62272761CF0039C41A /* Preview Assets.xcassets */; };
		6CEC5C6D2727D5DB0039C41A /* product.json in Resources */ = {isa = PBXBuildFile; fileRef = 6CEC5C692727D5DA0039C41A /* product.json */; };
		6CEC5C6E2727D5DB0039C41A /* category.json in Resources */ = {isa = PBXBuildFile; fileRef = 6CEC5C6A2727D5DA0039C41A /* category.json */; };
		6CEC5C6F2727D5DB0039C41A /* brand.json in Resources */ = {isa = PBXBuildFile; fileRef = 6CEC5C6B2727D5DA0039C41A /* brand.json */; };
		6CEC5C702727D5DB0039C41A /* player.json in Resources */ = {isa = PBXBuildFile; fileRef = 6CEC5C6C2727D5DB0039C41A /* player.json */; };
/* End PBXBuildFile section */

/* Begin PBXFileReference section */
		6CB69167272B43F60004FEC4 /* Constant.swift */ = {isa = PBXFileReference; lastKnownFileType = sourcecode.swift; path = Constant.swift; sourceTree = "<group>"; };
		6CB69169272B453E0004FEC4 /* FooterView.swift */ = {isa = PBXFileReference; lastKnownFileType = sourcecode.swift; path = FooterView.swift; sourceTree = "<group>"; };
		6CEC5C58272761CD0039C41A /* touchdown.app */ = {isa = PBXFileReference; explicitFileType = wrapper.application; includeInIndex = 0; path = touchdown.app; sourceTree = BUILT_PRODUCTS_DIR; };
		6CEC5C5B272761CD0039C41A /* touchdownApp.swift */ = {isa = PBXFileReference; lastKnownFileType = sourcecode.swift; path = touchdownApp.swift; sourceTree = "<group>"; };
		6CEC5C5D272761CD0039C41A /* ContentView.swift */ = {isa = PBXFileReference; lastKnownFileType = sourcecode.swift; path = ContentView.swift; sourceTree = "<group>"; };
		6CEC5C5F272761CF0039C41A /* Assets.xcassets */ = {isa = PBXFileReference; lastKnownFileType = folder.assetcatalog; path = Assets.xcassets; sourceTree = "<group>"; };
		6CEC5C62272761CF0039C41A /* Preview Assets.xcassets */ = {isa = PBXFileReference; lastKnownFileType = folder.assetcatalog; path = "Preview Assets.xcassets"; sourceTree = "<group>"; };
		6CEC5C692727D5DA0039C41A /* product.json */ = {isa = PBXFileReference; fileEncoding = 4; lastKnownFileType = text.json; path = product.json; sourceTree = "<group>"; };
		6CEC5C6A2727D5DA0039C41A /* category.json */ = {isa = PBXFileReference; fileEncoding = 4; lastKnownFileType = text.json; path = category.json; sourceTree = "<group>"; };
		6CEC5C6B2727D5DA0039C41A /* brand.json */ = {isa = PBXFileReference; fileEncoding = 4; lastKnownFileType = text.json; path = brand.json; sourceTree = "<group>"; };
		6CEC5C6C2727D5DB0039C41A /* player.json */ = {isa = PBXFileReference; fileEncoding = 4; lastKnownFileType = text.json; path = player.json; sourceTree = "<group>"; };
		6CEC5C732727D69B0039C41A /* Info.plist */ = {isa = PBXFileReference; lastKnownFileType = text.plist; path = Info.plist; sourceTree = "<group>"; };
/* End PBXFileReference section */

/* Begin PBXFrameworksBuildPhase section */
		6CEC5C55272761CD0039C41A /* Frameworks */ = {
			isa = PBXFrameworksBuildPhase;
			buildActionMask = 2147483647;
			files = (
			);
			runOnlyForDeploymentPostprocessing = 0;
		};
/* End PBXFrameworksBuildPhase section */

/* Begin PBXGroup section */
		6CB6915E272B427C0004FEC4 /* App */ = {
			isa = PBXGroup;
			children = (
				6CEC5C5B272761CD0039C41A /* touchdownApp.swift */,
				6CEC5C5D272761CD0039C41A /* ContentView.swift */,
			);
			path = App;
			sourceTree = "<group>";
		};
		6CB6915F272B42960004FEC4 /* View */ = {
			isa = PBXGroup;
			children = (
				6CB69160272B42A50004FEC4 /* Home */,
				6CB69161272B42BB0004FEC4 /* Detail */,
			);
			path = View;
			sourceTree = "<group>";
		};
		6CB69160272B42A50004FEC4 /* Home */ = {
			isa = PBXGroup;
			children = (
				6CB69169272B453E0004FEC4 /* FooterView.swift */,
			);
			path = Home;
			sourceTree = "<group>";
		};
		6CB69161272B42BB0004FEC4 /* Detail */ = {
			isa = PBXGroup;
			children = (
			);
			path = Detail;
			sourceTree = "<group>";
		};
		6CB69162272B42CE0004FEC4 /* Model */ = {
			isa = PBXGroup;
			children = (
			);
			path = Model;
			sourceTree = "<group>";
		};
		6CB69163272B42D90004FEC4 /* Extension */ = {
			isa = PBXGroup;
			children = (
			);
			path = Extension;
			sourceTree = "<group>";
		};
		6CB69164272B42E50004FEC4 /* Utility */ = {
			isa = PBXGroup;
			children = (
				6CB69167272B43F60004FEC4 /* Constant.swift */,
			);
			path = Utility;
			sourceTree = "<group>";
		};
		6CEC5C4F272761CD0039C41A = {
			isa = PBXGroup;
			children = (
				6CEC5C5A272761CD0039C41A /* touchdown */,
				6CEC5C59272761CD0039C41A /* Products */,
			);
			sourceTree = "<group>";
		};
		6CEC5C59272761CD0039C41A /* Products */ = {
			isa = PBXGroup;
			children = (
				6CEC5C58272761CD0039C41A /* touchdown.app */,
			);
			name = Products;
			sourceTree = "<group>";
		};
		6CEC5C5A272761CD0039C41A /* touchdown */ = {
			isa = PBXGroup;
			children = (
				6CB6915E272B427C0004FEC4 /* App */,
				6CB6915F272B42960004FEC4 /* View */,
				6CEC5C722727D6220039C41A /* Data */,
				6CB69162272B42CE0004FEC4 /* Model */,
				6CB69163272B42D90004FEC4 /* Extension */,
				6CB69164272B42E50004FEC4 /* Utility */,
				6CEC5C732727D69B0039C41A /* Info.plist */,
				6CEC5C5F272761CF0039C41A /* Assets.xcassets */,
				6CEC5C61272761CF0039C41A /* Preview Content */,
			);
			path = touchdown;
			sourceTree = "<group>";
		};
		6CEC5C61272761CF0039C41A /* Preview Content */ = {
			isa = PBXGroup;
			children = (
				6CEC5C62272761CF0039C41A /* Preview Assets.xcassets */,
			);
			path = "Preview Content";
			sourceTree = "<group>";
		};
		6CEC5C722727D6220039C41A /* Data */ = {
			isa = PBXGroup;
			children = (
				6CEC5C6B2727D5DA0039C41A /* brand.json */,
				6CEC5C6A2727D5DA0039C41A /* category.json */,
				6CEC5C6C2727D5DB0039C41A /* player.json */,
				6CEC5C692727D5DA0039C41A /* product.json */,
			);
			path = Data;
			sourceTree = "<group>";
		};
/* End PBXGroup section */

/* Begin PBXNativeTarget section */
		6CEC5C57272761CD0039C41A /* touchdown */ = {
			isa = PBXNativeTarget;
			buildConfigurationList = 6CEC5C66272761CF0039C41A /* Build configuration list for PBXNativeTarget "touchdown" */;
			buildPhases = (
				6CEC5C54272761CD0039C41A /* Sources */,
				6CEC5C55272761CD0039C41A /* Frameworks */,
				6CEC5C56272761CD0039C41A /* Resources */,
			);
			buildRules = (
			);
			dependencies = (
			);
			name = touchdown;
			productName = touchdown;
			productReference = 6CEC5C58272761CD0039C41A /* touchdown.app */;
			productType = "com.apple.product-type.application";
		};
/* End PBXNativeTarget section */

/* Begin PBXProject section */
		6CEC5C50272761CD0039C41A /* Project object */ = {
			isa = PBXProject;
			attributes = {
				BuildIndependentTargetsInParallel = 1;
				LastSwiftUpdateCheck = 1300;
				LastUpgradeCheck = 1300;
				TargetAttributes = {
					6CEC5C57272761CD0039C41A = {
						CreatedOnToolsVersion = 13.0;
					};
				};
			};
			buildConfigurationList = 6CEC5C53272761CD0039C41A /* Build configuration list for PBXProject "touchdown" */;
			compatibilityVersion = "Xcode 13.0";
			developmentRegion = en;
			hasScannedForEncodings = 0;
			knownRegions = (
				en,
				Base,
			);
			mainGroup = 6CEC5C4F272761CD0039C41A;
			productRefGroup = 6CEC5C59272761CD0039C41A /* Products */;
			projectDirPath = "";
			projectRoot = "";
			targets = (
				6CEC5C57272761CD0039C41A /* touchdown */,
			);
		};
/* End PBXProject section */

/* Begin PBXResourcesBuildPhase section */
		6CEC5C56272761CD0039C41A /* Resources */ = {
			isa = PBXResourcesBuildPhase;
			buildActionMask = 2147483647;
			files = (
				6CEC5C702727D5DB0039C41A /* player.json in Resources */,
				6CEC5C63272761CF0039C41A /* Preview Assets.xcassets in Resources */,
				6CEC5C6F2727D5DB0039C41A /* brand.json in Resources */,
				6CEC5C60272761CF0039C41A /* Assets.xcassets in Resources */,
				6CEC5C6D2727D5DB0039C41A /* product.json in Resources */,
				6CEC5C6E2727D5DB0039C41A /* category.json in Resources */,
			);
			runOnlyForDeploymentPostprocessing = 0;
		};
/* End PBXResourcesBuildPhase section */

/* Begin PBXSourcesBuildPhase section */
		6CEC5C54272761CD0039C41A /* Sources */ = {
			isa = PBXSourcesBuildPhase;
			buildActionMask = 2147483647;
			files = (
				6CEC5C5E272761CD0039C41A /* ContentView.swift in Sources */,
				6CB6916A272B453E0004FEC4 /* FooterView.swift in Sources */,
				6CEC5C5C272761CD0039C41A /* touchdownApp.swift in Sources */,
				6CB69168272B43F60004FEC4 /* Constant.swift in Sources */,
			);
			runOnlyForDeploymentPostprocessing = 0;
		};
/* End PBXSourcesBuildPhase section */

/* Begin XCBuildConfiguration section */
		6CEC5C64272761CF0039C41A /* Debug */ = {
			isa = XCBuildConfiguration;
			buildSettings = {
				ALWAYS_SEARCH_USER_PATHS = NO;
				CLANG_ANALYZER_NONNULL = YES;
				CLANG_ANALYZER_NUMBER_OBJECT_CONVERSION = YES_AGGRESSIVE;
				CLANG_CXX_LANGUAGE_STANDARD = "gnu++17";
				CLANG_CXX_LIBRARY = "libc++";
				CLANG_ENABLE_MODULES = YES;
				CLANG_ENABLE_OBJC_ARC = YES;
				CLANG_ENABLE_OBJC_WEAK = YES;
				CLANG_WARN_BLOCK_CAPTURE_AUTORELEASING = YES;
				CLANG_WARN_BOOL_CONVERSION = YES;
				CLANG_WARN_COMMA = YES;
				CLANG_WARN_CONSTANT_CONVERSION = YES;
				CLANG_WARN_DEPRECATED_OBJC_IMPLEMENTATIONS = YES;
				CLANG_WARN_DIRECT_OBJC_ISA_USAGE = YES_ERROR;
				CLANG_WARN_DOCUMENTATION_COMMENTS = YES;
				CLANG_WARN_EMPTY_BODY = YES;
				CLANG_WARN_ENUM_CONVERSION = YES;
				CLANG_WARN_INFINITE_RECURSION = YES;
				CLANG_WARN_INT_CONVERSION = YES;
				CLANG_WARN_NON_LITERAL_NULL_CONVERSION = YES;
				CLANG_WARN_OBJC_IMPLICIT_RETAIN_SELF = YES;
				CLANG_WARN_OBJC_LITERAL_CONVERSION = YES;
				CLANG_WARN_OBJC_ROOT_CLASS = YES_ERROR;
				CLANG_WARN_QUOTED_INCLUDE_IN_FRAMEWORK_HEADER = YES;
				CLANG_WARN_RANGE_LOOP_ANALYSIS = YES;
				CLANG_WARN_STRICT_PROTOTYPES = YES;
				CLANG_WARN_SUSPICIOUS_MOVE = YES;
				CLANG_WARN_UNGUARDED_AVAILABILITY = YES_AGGRESSIVE;
				CLANG_WARN_UNREACHABLE_CODE = YES;
				CLANG_WARN__DUPLICATE_METHOD_MATCH = YES;
				COPY_PHASE_STRIP = NO;
				DEBUG_INFORMATION_FORMAT = dwarf;
				ENABLE_STRICT_OBJC_MSGSEND = YES;
				ENABLE_TESTABILITY = YES;
				GCC_C_LANGUAGE_STANDARD = gnu11;
				GCC_DYNAMIC_NO_PIC = NO;
				GCC_NO_COMMON_BLOCKS = YES;
				GCC_OPTIMIZATION_LEVEL = 0;
				GCC_PREPROCESSOR_DEFINITIONS = (
					"DEBUG=1",
					"$(inherited)",
				);
				GCC_WARN_64_TO_32_BIT_CONVERSION = YES;
				GCC_WARN_ABOUT_RETURN_TYPE = YES_ERROR;
				GCC_WARN_UNDECLARED_SELECTOR = YES;
				GCC_WARN_UNINITIALIZED_AUTOS = YES_AGGRESSIVE;
				GCC_WARN_UNUSED_FUNCTION = YES;
				GCC_WARN_UNUSED_VARIABLE = YES;
				IPHONEOS_DEPLOYMENT_TARGET = 15.0;
				MTL_ENABLE_DEBUG_INFO = INCLUDE_SOURCE;
				MTL_FAST_MATH = YES;
				ONLY_ACTIVE_ARCH = YES;
				SDKROOT = iphoneos;
				SWIFT_ACTIVE_COMPILATION_CONDITIONS = DEBUG;
				SWIFT_OPTIMIZATION_LEVEL = "-Onone";
			};
			name = Debug;
		};
		6CEC5C65272761CF0039C41A /* Release */ = {
			isa = XCBuildConfiguration;
			buildSettings = {
				ALWAYS_SEARCH_USER_PATHS = NO;
				CLANG_ANALYZER_NONNULL = YES;
				CLANG_ANALYZER_NUMBER_OBJECT_CONVERSION = YES_AGGRESSIVE;
				CLANG_CXX_LANGUAGE_STANDARD = "gnu++17";
				CLANG_CXX_LIBRARY = "libc++";
				CLANG_ENABLE_MODULES = YES;
				CLANG_ENABLE_OBJC_ARC = YES;
				CLANG_ENABLE_OBJC_WEAK = YES;
				CLANG_WARN_BLOCK_CAPTURE_AUTORELEASING = YES;
				CLANG_WARN_BOOL_CONVERSION = YES;
				CLANG_WARN_COMMA = YES;
				CLANG_WARN_CONSTANT_CONVERSION = YES;
				CLANG_WARN_DEPRECATED_OBJC_IMPLEMENTATIONS = YES;
				CLANG_WARN_DIRECT_OBJC_ISA_USAGE = YES_ERROR;
				CLANG_WARN_DOCUMENTATION_COMMENTS = YES;
				CLANG_WARN_EMPTY_BODY = YES;
				CLANG_WARN_ENUM_CONVERSION = YES;
				CLANG_WARN_INFINITE_RECURSION = YES;
				CLANG_WARN_INT_CONVERSION = YES;
				CLANG_WARN_NON_LITERAL_NULL_CONVERSION = YES;
				CLANG_WARN_OBJC_IMPLICIT_RETAIN_SELF = YES;
				CLANG_WARN_OBJC_LITERAL_CONVERSION = YES;
				CLANG_WARN_OBJC_ROOT_CLASS = YES_ERROR;
				CLANG_WARN_QUOTED_INCLUDE_IN_FRAMEWORK_HEADER = YES;
				CLANG_WARN_RANGE_LOOP_ANALYSIS = YES;
				CLANG_WARN_STRICT_PROTOTYPES = YES;
				CLANG_WARN_SUSPICIOUS_MOVE = YES;
				CLANG_WARN_UNGUARDED_AVAILABILITY = YES_AGGRESSIVE;
				CLANG_WARN_UNREACHABLE_CODE = YES;
				CLANG_WARN__DUPLICATE_METHOD_MATCH = YES;
				COPY_PHASE_STRIP = NO;
				DEBUG_INFORMATION_FORMAT = "dwarf-with-dsym";
				ENABLE_NS_ASSERTIONS = NO;
				ENABLE_STRICT_OBJC_MSGSEND = YES;
				GCC_C_LANGUAGE_STANDARD = gnu11;
				GCC_NO_COMMON_BLOCKS = YES;
				GCC_WARN_64_TO_32_BIT_CONVERSION = YES;
				GCC_WARN_ABOUT_RETURN_TYPE = YES_ERROR;
				GCC_WARN_UNDECLARED_SELECTOR = YES;
				GCC_WARN_UNINITIALIZED_AUTOS = YES_AGGRESSIVE;
				GCC_WARN_UNUSED_FUNCTION = YES;
				GCC_WARN_UNUSED_VARIABLE = YES;
				IPHONEOS_DEPLOYMENT_TARGET = 15.0;
				MTL_ENABLE_DEBUG_INFO = NO;
				MTL_FAST_MATH = YES;
				SDKROOT = iphoneos;
				SWIFT_COMPILATION_MODE = wholemodule;
				SWIFT_OPTIMIZATION_LEVEL = "-O";
				VALIDATE_PRODUCT = YES;
			};
			name = Release;
		};
		6CEC5C67272761CF0039C41A /* Debug */ = {
			isa = XCBuildConfiguration;
			buildSettings = {
				ASSETCATALOG_COMPILER_APPICON_NAME = AppIcon;
				ASSETCATALOG_COMPILER_GLOBAL_ACCENT_COLOR_NAME = AccentColor;
				CODE_SIGN_STYLE = Automatic;
				CURRENT_PROJECT_VERSION = 1;
				DEVELOPMENT_ASSET_PATHS = "\"touchdown/Preview Content\"";
				DEVELOPMENT_TEAM = BY2V2NZ7FX;
				ENABLE_PREVIEWS = YES;
				GENERATE_INFOPLIST_FILE = YES;
				INFOPLIST_FILE = touchdown/Info.plist;
				INFOPLIST_KEY_UIApplicationSceneManifest_Generation = YES;
				INFOPLIST_KEY_UIApplicationSupportsIndirectInputEvents = YES;
				INFOPLIST_KEY_UISupportedInterfaceOrientations = UIInterfaceOrientationPortrait;
				INFOPLIST_KEY_UISupportedInterfaceOrientations_iPad = "UIInterfaceOrientationPortrait UIInterfaceOrientationPortraitUpsideDown UIInterfaceOrientationLandscapeLeft UIInterfaceOrientationLandscapeRight";
				INFOPLIST_KEY_UISupportedInterfaceOrientations_iPhone = "UIInterfaceOrientationPortrait UIInterfaceOrientationLandscapeLeft UIInterfaceOrientationLandscapeRight";
				INFOPLIST_KEY_UIUserInterfaceStyle = Light;
				IPHONEOS_DEPLOYMENT_TARGET = 14.0;
				LD_RUNPATH_SEARCH_PATHS = (
					"$(inherited)",
					"@executable_path/Frameworks",
				);
				MARKETING_VERSION = 1.0;
				PRODUCT_BUNDLE_IDENTIFIER = com.touchdown;
				PRODUCT_NAME = "$(TARGET_NAME)";
				SWIFT_EMIT_LOC_STRINGS = YES;
				SWIFT_VERSION = 5.0;
				TARGETED_DEVICE_FAMILY = "1,2";
			};
			name = Debug;
		};
		6CEC5C68272761CF0039C41A /* Release */ = {
			isa = XCBuildConfiguration;
			buildSettings = {
				ASSETCATALOG_COMPILER_APPICON_NAME = AppIcon;
				ASSETCATALOG_COMPILER_GLOBAL_ACCENT_COLOR_NAME = AccentColor;
				CODE_SIGN_STYLE = Automatic;
				CURRENT_PROJECT_VERSION = 1;
				DEVELOPMENT_ASSET_PATHS = "\"touchdown/Preview Content\"";
				DEVELOPMENT_TEAM = BY2V2NZ7FX;
				ENABLE_PREVIEWS = YES;
				GENERATE_INFOPLIST_FILE = YES;
				INFOPLIST_FILE = touchdown/Info.plist;
				INFOPLIST_KEY_UIApplicationSceneManifest_Generation = YES;
				INFOPLIST_KEY_UIApplicationSupportsIndirectInputEvents = YES;
				INFOPLIST_KEY_UISupportedInterfaceOrientations = UIInterfaceOrientationPortrait;
				INFOPLIST_KEY_UISupportedInterfaceOrientations_iPad = "UIInterfaceOrientationPortrait UIInterfaceOrientationPortraitUpsideDown UIInterfaceOrientationLandscapeLeft UIInterfaceOrientationLandscapeRight";
				INFOPLIST_KEY_UISupportedInterfaceOrientations_iPhone = "UIInterfaceOrientationPortrait UIInterfaceOrientationLandscapeLeft UIInterfaceOrientationLandscapeRight";
				INFOPLIST_KEY_UIUserInterfaceStyle = Light;
				IPHONEOS_DEPLOYMENT_TARGET = 14.0;
				LD_RUNPATH_SEARCH_PATHS = (
					"$(inherited)",
					"@executable_path/Frameworks",
				);
				MARKETING_VERSION = 1.0;
				PRODUCT_BUNDLE_IDENTIFIER = com.touchdown;
				PRODUCT_NAME = "$(TARGET_NAME)";
				SWIFT_EMIT_LOC_STRINGS = YES;
				SWIFT_VERSION = 5.0;
				TARGETED_DEVICE_FAMILY = "1,2";
			};
			name = Release;
		};
/* End XCBuildConfiguration section */

/* Begin XCConfigurationList section */
		6CEC5C53272761CD0039C41A /* Build configuration list for PBXProject "touchdown" */ = {
			isa = XCConfigurationList;
			buildConfigurations = (
				6CEC5C64272761CF0039C41A /* Debug */,
				6CEC5C65272761CF0039C41A /* Release */,
			);
			defaultConfigurationIsVisible = 0;
			defaultConfigurationName = Release;
		};
		6CEC5C66272761CF0039C41A /* Build configuration list for PBXNativeTarget "touchdown" */ = {
			isa = XCConfigurationList;
			buildConfigurations = (
				6CEC5C67272761CF0039C41A /* Debug */,
				6CEC5C68272761CF0039C41A /* Release */,
			);
			defaultConfigurationIsVisible = 0;
			defaultConfigurationName = Release;
		};
/* End XCConfigurationList section */
	};
	rootObject = 6CEC5C50272761CD0039C41A /* Project object */;
}
